// !$*UTF8*$!
{
	archiveVersion = 1;
	classes = {
	};
	objectVersion = 77;
	objects = {

/* Begin PBXContainerItemProxy section */
		95E0C4E82CA22E730002FF01 /* PBXContainerItemProxy */ = {
			isa = PBXContainerItemProxy;
			containerPortal = 95E0C4C92CA22E700002FF01 /* Project object */;
			proxyType = 1;
			remoteGlobalIDString = 95E0C4D02CA22E700002FF01;
			remoteInfo = YeukLaiRickieAu_301458593_MAPD714_assignment_1;
		};
		95E0C4F22CA22E730002FF01 /* PBXContainerItemProxy */ = {
			isa = PBXContainerItemProxy;
			containerPortal = 95E0C4C92CA22E700002FF01 /* Project object */;
			proxyType = 1;
			remoteGlobalIDString = 95E0C4D02CA22E700002FF01;
			remoteInfo = YeukLaiRickieAu_301458593_MAPD714_assignment_1;
		};
/* End PBXContainerItemProxy section */

/* Begin PBXFileReference section */
		95E0C4D12CA22E700002FF01 /* YeukLaiRickieAu_MAPD714_301458593_Assign1.app */ = {isa = PBXFileReference; explicitFileType = wrapper.application; includeInIndex = 0; path = YeukLaiRickieAu_MAPD714_301458593_Assign1.app; sourceTree = BUILT_PRODUCTS_DIR; };
		95E0C4E72CA22E730002FF01 /* YeukLaiRickieAu_MAPD714_301458593_Assign1Tests.xctest */ = {isa = PBXFileReference; explicitFileType = wrapper.cfbundle; includeInIndex = 0; path = YeukLaiRickieAu_MAPD714_301458593_Assign1Tests.xctest; sourceTree = BUILT_PRODUCTS_DIR; };
		95E0C4F12CA22E730002FF01 /* YeukLaiRickieAu_MAPD714_301458593_Assign1UITests.xctest */ = {isa = PBXFileReference; explicitFileType = wrapper.cfbundle; includeInIndex = 0; path = YeukLaiRickieAu_MAPD714_301458593_Assign1UITests.xctest; sourceTree = BUILT_PRODUCTS_DIR; };
/* End PBXFileReference section */

/* Begin PBXFileSystemSynchronizedBuildFileExceptionSet section */
		95E0C4F92CA22E730002FF01 /* Exceptions for "YeukLaiRickieAu_301458593_MAPD714_assignment_1" folder in "YeukLaiRickieAu_MAPD714_301458593_Assign1" target */ = {
			isa = PBXFileSystemSynchronizedBuildFileExceptionSet;
			membershipExceptions = (
				Info.plist,
			);
			target = 95E0C4D02CA22E700002FF01 /* YeukLaiRickieAu_MAPD714_301458593_Assign1 */;
		};
/* End PBXFileSystemSynchronizedBuildFileExceptionSet section */

/* Begin PBXFileSystemSynchronizedRootGroup section */
		95E0C4D32CA22E700002FF01 /* YeukLaiRickieAu_301458593_MAPD714_assignment_1 */ = {
			isa = PBXFileSystemSynchronizedRootGroup;
			exceptions = (
				95E0C4F92CA22E730002FF01 /* Exceptions for "YeukLaiRickieAu_301458593_MAPD714_assignment_1" folder in "YeukLaiRickieAu_MAPD714_301458593_Assign1" target */,
			);
			path = YeukLaiRickieAu_301458593_MAPD714_assignment_1;
			sourceTree = "<group>";
		};
		95E0C4EA2CA22E730002FF01 /* YeukLaiRickieAu_301458593_MAPD714_assignment_1Tests */ = {
			isa = PBXFileSystemSynchronizedRootGroup;
			path = YeukLaiRickieAu_301458593_MAPD714_assignment_1Tests;
			sourceTree = "<group>";
		};
		95E0C4F42CA22E730002FF01 /* YeukLaiRickieAu_301458593_MAPD714_assignment_1UITests */ = {
			isa = PBXFileSystemSynchronizedRootGroup;
			path = YeukLaiRickieAu_301458593_MAPD714_assignment_1UITests;
			sourceTree = "<group>";
		};
/* End PBXFileSystemSynchronizedRootGroup section */

/* Begin PBXFrameworksBuildPhase section */
		95E0C4CE2CA22E700002FF01 /* Frameworks */ = {
			isa = PBXFrameworksBuildPhase;
			buildActionMask = 2147483647;
			files = (
			);
			runOnlyForDeploymentPostprocessing = 0;
		};
		95E0C4E42CA22E730002FF01 /* Frameworks */ = {
			isa = PBXFrameworksBuildPhase;
			buildActionMask = 2147483647;
			files = (
			);
			runOnlyForDeploymentPostprocessing = 0;
		};
		95E0C4EE2CA22E730002FF01 /* Frameworks */ = {
			isa = PBXFrameworksBuildPhase;
			buildActionMask = 2147483647;
			files = (
			);
			runOnlyForDeploymentPostprocessing = 0;
		};
/* End PBXFrameworksBuildPhase section */

/* Begin PBXGroup section */
		95E0C4C82CA22E700002FF01 = {
			isa = PBXGroup;
			children = (
				95E0C4D32CA22E700002FF01 /* YeukLaiRickieAu_301458593_MAPD714_assignment_1 */,
				95E0C4EA2CA22E730002FF01 /* YeukLaiRickieAu_301458593_MAPD714_assignment_1Tests */,
				95E0C4F42CA22E730002FF01 /* YeukLaiRickieAu_301458593_MAPD714_assignment_1UITests */,
				95E0C4D22CA22E700002FF01 /* Products */,
			);
			sourceTree = "<group>";
		};
		95E0C4D22CA22E700002FF01 /* Products */ = {
			isa = PBXGroup;
			children = (
				95E0C4D12CA22E700002FF01 /* YeukLaiRickieAu_MAPD714_301458593_Assign1.app */,
				95E0C4E72CA22E730002FF01 /* YeukLaiRickieAu_MAPD714_301458593_Assign1Tests.xctest */,
				95E0C4F12CA22E730002FF01 /* YeukLaiRickieAu_MAPD714_301458593_Assign1UITests.xctest */,
			);
			name = Products;
			sourceTree = "<group>";
		};
/* End PBXGroup section */

/* Begin PBXNativeTarget section */
		95E0C4D02CA22E700002FF01 /* YeukLaiRickieAu_MAPD714_301458593_Assign1 */ = {
			isa = PBXNativeTarget;
			buildConfigurationList = 95E0C4FA2CA22E730002FF01 /* Build configuration list for PBXNativeTarget "YeukLaiRickieAu_MAPD714_301458593_Assign1" */;
			buildPhases = (
				95E0C4CD2CA22E700002FF01 /* Sources */,
				95E0C4CE2CA22E700002FF01 /* Frameworks */,
				95E0C4CF2CA22E700002FF01 /* Resources */,
			);
			buildRules = (
			);
			dependencies = (
			);
			fileSystemSynchronizedGroups = (
				95E0C4D32CA22E700002FF01 /* YeukLaiRickieAu_301458593_MAPD714_assignment_1 */,
			);
			name = YeukLaiRickieAu_MAPD714_301458593_Assign1;
			packageProductDependencies = (
			);
			productName = YeukLaiRickieAu_301458593_MAPD714_assignment_1;
			productReference = 95E0C4D12CA22E700002FF01 /* YeukLaiRickieAu_MAPD714_301458593_Assign1.app */;
			productType = "com.apple.product-type.application";
		};
		95E0C4E62CA22E730002FF01 /* YeukLaiRickieAu_MAPD714_301458593_Assign1Tests */ = {
			isa = PBXNativeTarget;
			buildConfigurationList = 95E0C4FF2CA22E730002FF01 /* Build configuration list for PBXNativeTarget "YeukLaiRickieAu_MAPD714_301458593_Assign1Tests" */;
			buildPhases = (
				95E0C4E32CA22E730002FF01 /* Sources */,
				95E0C4E42CA22E730002FF01 /* Frameworks */,
				95E0C4E52CA22E730002FF01 /* Resources */,
			);
			buildRules = (
			);
			dependencies = (
				95E0C4E92CA22E730002FF01 /* PBXTargetDependency */,
			);
			fileSystemSynchronizedGroups = (
				95E0C4EA2CA22E730002FF01 /* YeukLaiRickieAu_301458593_MAPD714_assignment_1Tests */,
			);
			name = YeukLaiRickieAu_MAPD714_301458593_Assign1Tests;
			packageProductDependencies = (
			);
			productName = YeukLaiRickieAu_301458593_MAPD714_assignment_1Tests;
			productReference = 95E0C4E72CA22E730002FF01 /* YeukLaiRickieAu_MAPD714_301458593_Assign1Tests.xctest */;
			productType = "com.apple.product-type.bundle.unit-test";
		};
		95E0C4F02CA22E730002FF01 /* YeukLaiRickieAu_MAPD714_301458593_Assign1UITests */ = {
			isa = PBXNativeTarget;
			buildConfigurationList = 95E0C5022CA22E730002FF01 /* Build configuration list for PBXNativeTarget "YeukLaiRickieAu_MAPD714_301458593_Assign1UITests" */;
			buildPhases = (
				95E0C4ED2CA22E730002FF01 /* Sources */,
				95E0C4EE2CA22E730002FF01 /* Frameworks */,
				95E0C4EF2CA22E730002FF01 /* Resources */,
			);
			buildRules = (
			);
			dependencies = (
				95E0C4F32CA22E730002FF01 /* PBXTargetDependency */,
			);
			fileSystemSynchronizedGroups = (
				95E0C4F42CA22E730002FF01 /* YeukLaiRickieAu_301458593_MAPD714_assignment_1UITests */,
			);
			name = YeukLaiRickieAu_MAPD714_301458593_Assign1UITests;
			packageProductDependencies = (
			);
			productName = YeukLaiRickieAu_301458593_MAPD714_assignment_1UITests;
			productReference = 95E0C4F12CA22E730002FF01 /* YeukLaiRickieAu_MAPD714_301458593_Assign1UITests.xctest */;
			productType = "com.apple.product-type.bundle.ui-testing";
		};
/* End PBXNativeTarget section */

/* Begin PBXProject section */
		95E0C4C92CA22E700002FF01 /* Project object */ = {
			isa = PBXProject;
			attributes = {
				BuildIndependentTargetsInParallel = 1;
				LastSwiftUpdateCheck = 1600;
				LastUpgradeCheck = 1600;
				TargetAttributes = {
					95E0C4D02CA22E700002FF01 = {
						CreatedOnToolsVersion = 16.0;
					};
					95E0C4E62CA22E730002FF01 = {
						CreatedOnToolsVersion = 16.0;
						TestTargetID = 95E0C4D02CA22E700002FF01;
					};
					95E0C4F02CA22E730002FF01 = {
						CreatedOnToolsVersion = 16.0;
						TestTargetID = 95E0C4D02CA22E700002FF01;
					};
				};
			};
			buildConfigurationList = 95E0C4CC2CA22E700002FF01 /* Build configuration list for PBXProject "YeukLaiRickieAu_MAPD714_301458593_Assign1" */;
			developmentRegion = en;
			hasScannedForEncodings = 0;
			knownRegions = (
				en,
				Base,
			);
			mainGroup = 95E0C4C82CA22E700002FF01;
			minimizedProjectReferenceProxies = 1;
			preferredProjectObjectVersion = 77;
			productRefGroup = 95E0C4D22CA22E700002FF01 /* Products */;
			projectDirPath = "";
			projectRoot = "";
			targets = (
				95E0C4D02CA22E700002FF01 /* YeukLaiRickieAu_MAPD714_301458593_Assign1 */,
				95E0C4E62CA22E730002FF01 /* YeukLaiRickieAu_MAPD714_301458593_Assign1Tests */,
				95E0C4F02CA22E730002FF01 /* YeukLaiRickieAu_MAPD714_301458593_Assign1UITests */,
			);
		};
/* End PBXProject section */

/* Begin PBXResourcesBuildPhase section */
		95E0C4CF2CA22E700002FF01 /* Resources */ = {
			isa = PBXResourcesBuildPhase;
			buildActionMask = 2147483647;
			files = (
			);
			runOnlyForDeploymentPostprocessing = 0;
		};
		95E0C4E52CA22E730002FF01 /* Resources */ = {
			isa = PBXResourcesBuildPhase;
			buildActionMask = 2147483647;
			files = (
			);
			runOnlyForDeploymentPostprocessing = 0;
		};
		95E0C4EF2CA22E730002FF01 /* Resources */ = {
			isa = PBXResourcesBuildPhase;
			buildActionMask = 2147483647;
			files = (
			);
			runOnlyForDeploymentPostprocessing = 0;
		};
/* End PBXResourcesBuildPhase section */

/* Begin PBXSourcesBuildPhase section */
		95E0C4CD2CA22E700002FF01 /* Sources */ = {
			isa = PBXSourcesBuildPhase;
			buildActionMask = 2147483647;
			files = (
			);
			runOnlyForDeploymentPostprocessing = 0;
		};
		95E0C4E32CA22E730002FF01 /* Sources */ = {
			isa = PBXSourcesBuildPhase;
			buildActionMask = 2147483647;
			files = (
			);
			runOnlyForDeploymentPostprocessing = 0;
		};
		95E0C4ED2CA22E730002FF01 /* Sources */ = {
			isa = PBXSourcesBuildPhase;
			buildActionMask = 2147483647;
			files = (
			);
			runOnlyForDeploymentPostprocessing = 0;
		};
/* End PBXSourcesBuildPhase section */

/* Begin PBXTargetDependency section */
		95E0C4E92CA22E730002FF01 /* PBXTargetDependency */ = {
			isa = PBXTargetDependency;
			target = 95E0C4D02CA22E700002FF01 /* YeukLaiRickieAu_MAPD714_301458593_Assign1 */;
			targetProxy = 95E0C4E82CA22E730002FF01 /* PBXContainerItemProxy */;
		};
		95E0C4F32CA22E730002FF01 /* PBXTargetDependency */ = {
			isa = PBXTargetDependency;
			target = 95E0C4D02CA22E700002FF01 /* YeukLaiRickieAu_MAPD714_301458593_Assign1 */;
			targetProxy = 95E0C4F22CA22E730002FF01 /* PBXContainerItemProxy */;
		};
/* End PBXTargetDependency section */

/* Begin XCBuildConfiguration section */
		95E0C4FB2CA22E730002FF01 /* Debug */ = {
			isa = XCBuildConfiguration;
			buildSettings = {
				ASSETCATALOG_COMPILER_APPICON_NAME = AppIcon;
				ASSETCATALOG_COMPILER_GLOBAL_ACCENT_COLOR_NAME = AccentColor;
				CODE_SIGN_STYLE = Automatic;
				CURRENT_PROJECT_VERSION = 1;
				GENERATE_INFOPLIST_FILE = YES;
				INFOPLIST_FILE = YeukLaiRickieAu_301458593_MAPD714_assignment_1/Info.plist;
				INFOPLIST_KEY_UIApplicationSupportsIndirectInputEvents = YES;
				INFOPLIST_KEY_UILaunchStoryboardName = LaunchScreen;
				INFOPLIST_KEY_UIMainStoryboardFile = Main;
				INFOPLIST_KEY_UISupportedInterfaceOrientations_iPad = "UIInterfaceOrientationPortrait UIInterfaceOrientationPortraitUpsideDown UIInterfaceOrientationLandscapeLeft UIInterfaceOrientationLandscapeRight";
				INFOPLIST_KEY_UISupportedInterfaceOrientations_iPhone = "UIInterfaceOrientationPortrait UIInterfaceOrientationLandscapeLeft UIInterfaceOrientationLandscapeRight";
				LD_RUNPATH_SEARCH_PATHS = (
					"$(inherited)",
					"@executable_path/Frameworks",
				);
				MARKETING_VERSION = 1.0;
				PRODUCT_BUNDLE_IDENTIFIER = "rickie.YeukLaiRickieAu-301458593-MAPD714-assignment-1";
				PRODUCT_NAME = "$(TARGET_NAME)";
				SWIFT_EMIT_LOC_STRINGS = YES;
				SWIFT_VERSION = 5.0;
				TARGETED_DEVICE_FAMILY = "1,2";
			};
			name = Debug;
		};
		95E0C4FC2CA22E730002FF01 /* Release */ = {
			isa = XCBuildConfiguration;
			buildSettings = {
				ASSETCATALOG_COMPILER_APPICON_NAME = AppIcon;
				ASSETCATALOG_COMPILER_GLOBAL_ACCENT_COLOR_NAME = AccentColor;
				CODE_SIGN_STYLE = Automatic;
				CURRENT_PROJECT_VERSION = 1;
				GENERATE_INFOPLIST_FILE = YES;
				INFOPLIST_FILE = YeukLaiRickieAu_301458593_MAPD714_assignment_1/Info.plist;
				INFOPLIST_KEY_UIApplicationSupportsIndirectInputEvents = YES;
				INFOPLIST_KEY_UILaunchStoryboardName = LaunchScreen;
				INFOPLIST_KEY_UIMainStoryboardFile = Main;
				INFOPLIST_KEY_UISupportedInterfaceOrientations_iPad = "UIInterfaceOrientationPortrait UIInterfaceOrientationPortraitUpsideDown UIInterfaceOrientationLandscapeLeft UIInterfaceOrientationLandscapeRight";
				INFOPLIST_KEY_UISupportedInterfaceOrientations_iPhone = "UIInterfaceOrientationPortrait UIInterfaceOrientationLandscapeLeft UIInterfaceOrientationLandscapeRight";
				LD_RUNPATH_SEARCH_PATHS = (
					"$(inherited)",
					"@executable_path/Frameworks",
				);
				MARKETING_VERSION = 1.0;
				PRODUCT_BUNDLE_IDENTIFIER = "rickie.YeukLaiRickieAu-301458593-MAPD714-assignment-1";
				PRODUCT_NAME = "$(TARGET_NAME)";
				SWIFT_EMIT_LOC_STRINGS = YES;
				SWIFT_VERSION = 5.0;
				TARGETED_DEVICE_FAMILY = "1,2";
			};
			name = Release;
		};
		95E0C4FD2CA22E730002FF01 /* Debug */ = {
			isa = XCBuildConfiguration;
			buildSettings = {
				ALWAYS_SEARCH_USER_PATHS = NO;
				ASSETCATALOG_COMPILER_GENERATE_SWIFT_ASSET_SYMBOL_EXTENSIONS = YES;
				CLANG_ANALYZER_NONNULL = YES;
				CLANG_ANALYZER_NUMBER_OBJECT_CONVERSION = YES_AGGRESSIVE;
				CLANG_CXX_LANGUAGE_STANDARD = "gnu++20";
				CLANG_ENABLE_MODULES = YES;
				CLANG_ENABLE_OBJC_ARC = YES;
				CLANG_ENABLE_OBJC_WEAK = YES;
				CLANG_WARN_BLOCK_CAPTURE_AUTORELEASING = YES;
				CLANG_WARN_BOOL_CONVERSION = YES;
				CLANG_WARN_COMMA = YES;
				CLANG_WARN_CONSTANT_CONVERSION = YES;
				CLANG_WARN_DEPRECATED_OBJC_IMPLEMENTATIONS = YES;
				CLANG_WARN_DIRECT_OBJC_ISA_USAGE = YES_ERROR;
				CLANG_WARN_DOCUMENTATION_COMMENTS = YES;
				CLANG_WARN_EMPTY_BODY = YES;
				CLANG_WARN_ENUM_CONVERSION = YES;
				CLANG_WARN_INFINITE_RECURSION = YES;
				CLANG_WARN_INT_CONVERSION = YES;
				CLANG_WARN_NON_LITERAL_NULL_CONVERSION = YES;
				CLANG_WARN_OBJC_IMPLICIT_RETAIN_SELF = YES;
				CLANG_WARN_OBJC_LITERAL_CONVERSION = YES;
				CLANG_WARN_OBJC_ROOT_CLASS = YES_ERROR;
				CLANG_WARN_QUOTED_INCLUDE_IN_FRAMEWORK_HEADER = YES;
				CLANG_WARN_RANGE_LOOP_ANALYSIS = YES;
				CLANG_WARN_STRICT_PROTOTYPES = YES;
				CLANG_WARN_SUSPICIOUS_MOVE = YES;
				CLANG_WARN_UNGUARDED_AVAILABILITY = YES_AGGRESSIVE;
				CLANG_WARN_UNREACHABLE_CODE = YES;
				CLANG_WARN__DUPLICATE_METHOD_MATCH = YES;
				COPY_PHASE_STRIP = NO;
				DEBUG_INFORMATION_FORMAT = dwarf;
				ENABLE_STRICT_OBJC_MSGSEND = YES;
				ENABLE_TESTABILITY = YES;
				ENABLE_USER_SCRIPT_SANDBOXING = YES;
				GCC_C_LANGUAGE_STANDARD = gnu17;
				GCC_DYNAMIC_NO_PIC = NO;
				GCC_NO_COMMON_BLOCKS = YES;
				GCC_OPTIMIZATION_LEVEL = 0;
				GCC_PREPROCESSOR_DEFINITIONS = (
					"DEBUG=1",
					"$(inherited)",
				);
				GCC_WARN_64_TO_32_BIT_CONVERSION = YES;
				GCC_WARN_ABOUT_RETURN_TYPE = YES_ERROR;
				GCC_WARN_UNDECLARED_SELECTOR = YES;
				GCC_WARN_UNINITIALIZED_AUTOS = YES_AGGRESSIVE;
				GCC_WARN_UNUSED_FUNCTION = YES;
				GCC_WARN_UNUSED_VARIABLE = YES;
				IPHONEOS_DEPLOYMENT_TARGET = 18.0;
				LOCALIZATION_PREFERS_STRING_CATALOGS = YES;
				MTL_ENABLE_DEBUG_INFO = INCLUDE_SOURCE;
				MTL_FAST_MATH = YES;
				ONLY_ACTIVE_ARCH = YES;
				SDKROOT = iphoneos;
				SWIFT_ACTIVE_COMPILATION_CONDITIONS = "DEBUG $(inherited)";
				SWIFT_OPTIMIZATION_LEVEL = "-Onone";
			};
			name = Debug;
		};
		95E0C4FE2CA22E730002FF01 /* Release */ = {
			isa = XCBuildConfiguration;
			buildSettings = {
				ALWAYS_SEARCH_USER_PATHS = NO;
				ASSETCATALOG_COMPILER_GENERATE_SWIFT_ASSET_SYMBOL_EXTENSIONS = YES;
				CLANG_ANALYZER_NONNULL = YES;
				CLANG_ANALYZER_NUMBER_OBJECT_CONVERSION = YES_AGGRESSIVE;
				CLANG_CXX_LANGUAGE_STANDARD = "gnu++20";
				CLANG_ENABLE_MODULES = YES;
				CLANG_ENABLE_OBJC_ARC = YES;
				CLANG_ENABLE_OBJC_WEAK = YES;
				CLANG_WARN_BLOCK_CAPTURE_AUTORELEASING = YES;
				CLANG_WARN_BOOL_CONVERSION = YES;
				CLANG_WARN_COMMA = YES;
				CLANG_WARN_CONSTANT_CONVERSION = YES;
				CLANG_WARN_DEPRECATED_OBJC_IMPLEMENTATIONS = YES;
				CLANG_WARN_DIRECT_OBJC_ISA_USAGE = YES_ERROR;
				CLANG_WARN_DOCUMENTATION_COMMENTS = YES;
				CLANG_WARN_EMPTY_BODY = YES;
				CLANG_WARN_ENUM_CONVERSION = YES;
				CLANG_WARN_INFINITE_RECURSION = YES;
				CLANG_WARN_INT_CONVERSION = YES;
				CLANG_WARN_NON_LITERAL_NULL_CONVERSION = YES;
				CLANG_WARN_OBJC_IMPLICIT_RETAIN_SELF = YES;
				CLANG_WARN_OBJC_LITERAL_CONVERSION = YES;
				CLANG_WARN_OBJC_ROOT_CLASS = YES_ERROR;
				CLANG_WARN_QUOTED_INCLUDE_IN_FRAMEWORK_HEADER = YES;
				CLANG_WARN_RANGE_LOOP_ANALYSIS = YES;
				CLANG_WARN_STRICT_PROTOTYPES = YES;
				CLANG_WARN_SUSPICIOUS_MOVE = YES;
				CLANG_WARN_UNGUARDED_AVAILABILITY = YES_AGGRESSIVE;
				CLANG_WARN_UNREACHABLE_CODE = YES;
				CLANG_WARN__DUPLICATE_METHOD_MATCH = YES;
				COPY_PHASE_STRIP = NO;
				DEBUG_INFORMATION_FORMAT = "dwarf-with-dsym";
				ENABLE_NS_ASSERTIONS = NO;
				ENABLE_STRICT_OBJC_MSGSEND = YES;
				ENABLE_USER_SCRIPT_SANDBOXING = YES;
				GCC_C_LANGUAGE_STANDARD = gnu17;
				GCC_NO_COMMON_BLOCKS = YES;
				GCC_WARN_64_TO_32_BIT_CONVERSION = YES;
				GCC_WARN_ABOUT_RETURN_TYPE = YES_ERROR;
				GCC_WARN_UNDECLARED_SELECTOR = YES;
				GCC_WARN_UNINITIALIZED_AUTOS = YES_AGGRESSIVE;
				GCC_WARN_UNUSED_FUNCTION = YES;
				GCC_WARN_UNUSED_VARIABLE = YES;
				IPHONEOS_DEPLOYMENT_TARGET = 18.0;
				LOCALIZATION_PREFERS_STRING_CATALOGS = YES;
				MTL_ENABLE_DEBUG_INFO = NO;
				MTL_FAST_MATH = YES;
				SDKROOT = iphoneos;
				SWIFT_COMPILATION_MODE = wholemodule;
				VALIDATE_PRODUCT = YES;
			};
			name = Release;
		};
		95E0C5002CA22E730002FF01 /* Debug */ = {
			isa = XCBuildConfiguration;
			buildSettings = {
				BUNDLE_LOADER = "$(TEST_HOST)";
				CODE_SIGN_STYLE = Automatic;
				CURRENT_PROJECT_VERSION = 1;
				GENERATE_INFOPLIST_FILE = YES;
				IPHONEOS_DEPLOYMENT_TARGET = 18.0;
				MARKETING_VERSION = 1.0;
				PRODUCT_BUNDLE_IDENTIFIER = "rickie.YeukLaiRickieAu-301458593-MAPD714-assignment-1Tests";
				PRODUCT_NAME = "$(TARGET_NAME)";
				SWIFT_EMIT_LOC_STRINGS = NO;
				SWIFT_VERSION = 5.0;
				TARGETED_DEVICE_FAMILY = "1,2";
				TEST_HOST = "$(BUILT_PRODUCTS_DIR)/YeukLaiRickieAu_MAPD714_301458593_Assign1.app/$(BUNDLE_EXECUTABLE_FOLDER_PATH)/YeukLaiRickieAu_MAPD714_301458593_Assign1";
			};
			name = Debug;
		};
		95E0C5012CA22E730002FF01 /* Release */ = {
			isa = XCBuildConfiguration;
			buildSettings = {
				BUNDLE_LOADER = "$(TEST_HOST)";
				CODE_SIGN_STYLE = Automatic;
				CURRENT_PROJECT_VERSION = 1;
				GENERATE_INFOPLIST_FILE = YES;
				IPHONEOS_DEPLOYMENT_TARGET = 18.0;
				MARKETING_VERSION = 1.0;
				PRODUCT_BUNDLE_IDENTIFIER = "rickie.YeukLaiRickieAu-301458593-MAPD714-assignment-1Tests";
				PRODUCT_NAME = "$(TARGET_NAME)";
				SWIFT_EMIT_LOC_STRINGS = NO;
				SWIFT_VERSION = 5.0;
				TARGETED_DEVICE_FAMILY = "1,2";
				TEST_HOST = "$(BUILT_PRODUCTS_DIR)/YeukLaiRickieAu_MAPD714_301458593_Assign1.app/$(BUNDLE_EXECUTABLE_FOLDER_PATH)/YeukLaiRickieAu_MAPD714_301458593_Assign1";
			};
			name = Release;
		};
		95E0C5032CA22E730002FF01 /* Debug */ = {
			isa = XCBuildConfiguration;
			buildSettings = {
				CODE_SIGN_STYLE = Automatic;
				CURRENT_PROJECT_VERSION = 1;
				GENERATE_INFOPLIST_FILE = YES;
				MARKETING_VERSION = 1.0;
				PRODUCT_BUNDLE_IDENTIFIER = "rickie.YeukLaiRickieAu-301458593-MAPD714-assignment-1UITests";
				PRODUCT_NAME = "$(TARGET_NAME)";
				SWIFT_EMIT_LOC_STRINGS = NO;
				SWIFT_VERSION = 5.0;
				TARGETED_DEVICE_FAMILY = "1,2";
				TEST_TARGET_NAME = YeukLaiRickieAu_301458593_MAPD714_assignment_1;
			};
			name = Debug;
		};
		95E0C5042CA22E730002FF01 /* Release */ = {
			isa = XCBuildConfiguration;
			buildSettings = {
				CODE_SIGN_STYLE = Automatic;
				CURRENT_PROJECT_VERSION = 1;
				GENERATE_INFOPLIST_FILE = YES;
				MARKETING_VERSION = 1.0;
				PRODUCT_BUNDLE_IDENTIFIER = "rickie.YeukLaiRickieAu-301458593-MAPD714-assignment-1UITests";
				PRODUCT_NAME = "$(TARGET_NAME)";
				SWIFT_EMIT_LOC_STRINGS = NO;
				SWIFT_VERSION = 5.0;
				TARGETED_DEVICE_FAMILY = "1,2";
				TEST_TARGET_NAME = YeukLaiRickieAu_301458593_MAPD714_assignment_1;
			};
			name = Release;
		};
/* End XCBuildConfiguration section */

/* Begin XCConfigurationList section */
		95E0C4CC2CA22E700002FF01 /* Build configuration list for PBXProject "YeukLaiRickieAu_MAPD714_301458593_Assign1" */ = {
			isa = XCConfigurationList;
			buildConfigurations = (
				95E0C4FD2CA22E730002FF01 /* Debug */,
				95E0C4FE2CA22E730002FF01 /* Release */,
			);
			defaultConfigurationIsVisible = 0;
			defaultConfigurationName = Release;
		};
		95E0C4FA2CA22E730002FF01 /* Build configuration list for PBXNativeTarget "YeukLaiRickieAu_MAPD714_301458593_Assign1" */ = {
			isa = XCConfigurationList;
			buildConfigurations = (
				95E0C4FB2CA22E730002FF01 /* Debug */,
				95E0C4FC2CA22E730002FF01 /* Release */,
			);
			defaultConfigurationIsVisible = 0;
			defaultConfigurationName = Release;
		};
		95E0C4FF2CA22E730002FF01 /* Build configuration list for PBXNativeTarget "YeukLaiRickieAu_MAPD714_301458593_Assign1Tests" */ = {
			isa = XCConfigurationList;
			buildConfigurations = (
				95E0C5002CA22E730002FF01 /* Debug */,
				95E0C5012CA22E730002FF01 /* Release */,
			);
			defaultConfigurationIsVisible = 0;
			defaultConfigurationName = Release;
		};
		95E0C5022CA22E730002FF01 /* Build configuration list for PBXNativeTarget "YeukLaiRickieAu_MAPD714_301458593_Assign1UITests" */ = {
			isa = XCConfigurationList;
			buildConfigurations = (
				95E0C5032CA22E730002FF01 /* Debug */,
				95E0C5042CA22E730002FF01 /* Release */,
			);
			defaultConfigurationIsVisible = 0;
			defaultConfigurationName = Release;
		};
/* End XCConfigurationList section */
	};
	rootObject = 95E0C4C92CA22E700002FF01 /* Project object */;
}
